
Microsoft Visual Studio Solution File, Format Version 12.00
# Visual Studio 15
VisualStudioVersion = 15.0.26228.4
MinimumVisualStudioVersion = 10.0.40219.1
Project("{FAE04EC0-301F-11D3-BF4B-00C04F79EFBC}") = "EstimateSystem", "EstimateSystem\EstimateSystem.csproj", "{8B940955-31B2-46C9-8915-9844726700B7}"
EndProject
Project("{FAE04EC0-301F-11D3-BF4B-00C04F79EFBC}") = "EstimateSystem.Tests", "EstimateSystem.Tests\EstimateSystem.Tests.csproj", "{1EC71748-4F63-4A29-B0DB-89F287D8611B}"
EndProject
Project("{FAE04EC0-301F-11D3-BF4B-00C04F79EFBC}") = "EstimateSystem.BL", "EstimateSystem.BL\EstimateSystem.BL.csproj", "{6298D21E-9B8A-43F0-900A-BAD8D2D021B0}"
EndProject
Project("{00D1A9C2-B5F0-4AF3-8072-F6C62B433612}") = "EstimateSystem.DB", "EstimateSystem.DB\EstimateSystem.DB.sqlproj", "{0A3F0EB0-A69C-42C9-987C-4E9D61322399}"
EndProject
Project("{FAE04EC0-301F-11D3-BF4B-00C04F79EFBC}") = "EstimateSystem.BO", "EstimateSystem.BO\EstimateSystem.BO.csproj", "{A61A8A88-8687-4A47-918A-E27B2F08AEDB}"
EndProject
Global
	GlobalSection(SolutionConfigurationPlatforms) = preSolution
		Debug|Any CPU = Debug|Any CPU
		Release|Any CPU = Release|Any CPU
	EndGlobalSection
	GlobalSection(ProjectConfigurationPlatforms) = postSolution
		{8B940955-31B2-46C9-8915-9844726700B7}.Debug|Any CPU.ActiveCfg = Debug|Any CPU
		{8B940955-31B2-46C9-8915-9844726700B7}.Debug|Any CPU.Build.0 = Debug|Any CPU
		{8B940955-31B2-46C9-8915-9844726700B7}.Release|Any CPU.ActiveCfg = Release|Any CPU
		{8B940955-31B2-46C9-8915-9844726700B7}.Release|Any CPU.Build.0 = Release|Any CPU
		{1EC71748-4F63-4A29-B0DB-89F287D8611B}.Debug|Any CPU.ActiveCfg = Debug|Any CPU
		{1EC71748-4F63-4A29-B0DB-89F287D8611B}.Debug|Any CPU.Build.0 = Debug|Any CPU
		{1EC71748-4F63-4A29-B0DB-89F287D8611B}.Release|Any CPU.ActiveCfg = Release|Any CPU
		{1EC71748-4F63-4A29-B0DB-89F287D8611B}.Release|Any CPU.Build.0 = Release|Any CPU
		{6298D21E-9B8A-43F0-900A-BAD8D2D021B0}.Debug|Any CPU.ActiveCfg = Debug|Any CPU
		{6298D21E-9B8A-43F0-900A-BAD8D2D021B0}.Debug|Any CPU.Build.0 = Debug|Any CPU
		{6298D21E-9B8A-43F0-900A-BAD8D2D021B0}.Release|Any CPU.ActiveCfg = Release|Any CPU
		{6298D21E-9B8A-43F0-900A-BAD8D2D021B0}.Release|Any CPU.Build.0 = Release|Any CPU
		{0A3F0EB0-A69C-42C9-987C-4E9D61322399}.Debug|Any CPU.ActiveCfg = Debug|Any CPU
		{0A3F0EB0-A69C-42C9-987C-4E9D61322399}.Debug|Any CPU.Build.0 = Debug|Any CPU
		{0A3F0EB0-A69C-42C9-987C-4E9D61322399}.Debug|Any CPU.Deploy.0 = Debug|Any CPU
		{0A3F0EB0-A69C-42C9-987C-4E9D61322399}.Release|Any CPU.ActiveCfg = Release|Any CPU
		{0A3F0EB0-A69C-42C9-987C-4E9D61322399}.Release|Any CPU.Build.0 = Release|Any CPU
		{0A3F0EB0-A69C-42C9-987C-4E9D61322399}.Release|Any CPU.Deploy.0 = Release|Any CPU
		{A61A8A88-8687-4A47-918A-E27B2F08AEDB}.Debug|Any CPU.ActiveCfg = Debug|Any CPU
		{A61A8A88-8687-4A47-918A-E27B2F08AEDB}.Debug|Any CPU.Build.0 = Debug|Any CPU
		{A61A8A88-8687-4A47-918A-E27B2F08AEDB}.Release|Any CPU.ActiveCfg = Release|Any CPU
		{A61A8A88-8687-4A47-918A-E27B2F08AEDB}.Release|Any CPU.Build.0 = Release|Any CPU
	EndGlobalSection
	GlobalSection(SolutionProperties) = preSolution
		HideSolutionNode = FALSE
	EndGlobalSection
EndGlobal
